
Microsoft Visual Studio Solution File, Format Version 12.00
# Visual Studio Version 16
VisualStudioVersion = 16.0.31205.134
MinimumVisualStudioVersion = 10.0.40219.1
Project("{9A19103F-16F7-4668-BE54-9A1E7A4F7556}") = "movieLibrary", "movieLibrary\movieLibrary.csproj", "{84707196-F8F1-495A-805D-1FB4213B815B}"
EndProject
Project("{9A19103F-16F7-4668-BE54-9A1E7A4F7556}") = "moviesData", "moviesData\moviesData.csproj", "{74E41E1C-8F10-456D-B3F8-0E297FAAEB8B}"
EndProject
Project("{9A19103F-16F7-4668-BE54-9A1E7A4F7556}") = "moviesServices", "moviesServices\moviesServices.csproj", "{3ED43634-9BAA-44A4-9CF1-5DE405692227}"
EndProject
Global
	GlobalSection(SolutionConfigurationPlatforms) = preSolution
		Debug|Any CPU = Debug|Any CPU
		Release|Any CPU = Release|Any CPU
	EndGlobalSection
	GlobalSection(ProjectConfigurationPlatforms) = postSolution
		{84707196-F8F1-495A-805D-1FB4213B815B}.Debug|Any CPU.ActiveCfg = Debug|Any CPU
		{84707196-F8F1-495A-805D-1FB4213B815B}.Debug|Any CPU.Build.0 = Debug|Any CPU
		{84707196-F8F1-495A-805D-1FB4213B815B}.Release|Any CPU.ActiveCfg = Release|Any CPU
		{84707196-F8F1-495A-805D-1FB4213B815B}.Release|Any CPU.Build.0 = Release|Any CPU
		{74E41E1C-8F10-456D-B3F8-0E297FAAEB8B}.Debug|Any CPU.ActiveCfg = Debug|Any CPU
		{74E41E1C-8F10-456D-B3F8-0E297FAAEB8B}.Debug|Any CPU.Build.0 = Debug|Any CPU
		{74E41E1C-8F10-456D-B3F8-0E297FAAEB8B}.Release|Any CPU.ActiveCfg = Release|Any CPU
		{74E41E1C-8F10-456D-B3F8-0E297FAAEB8B}.Release|Any CPU.Build.0 = Release|Any CPU
		{3ED43634-9BAA-44A4-9CF1-5DE405692227}.Debug|Any CPU.ActiveCfg = Debug|Any CPU
		{3ED43634-9BAA-44A4-9CF1-5DE405692227}.Debug|Any CPU.Build.0 = Debug|Any CPU
		{3ED43634-9BAA-44A4-9CF1-5DE405692227}.Release|Any CPU.ActiveCfg = Release|Any CPU
		{3ED43634-9BAA-44A4-9CF1-5DE405692227}.Release|Any CPU.Build.0 = Release|Any CPU
	EndGlobalSection
	GlobalSection(SolutionProperties) = preSolution
		HideSolutionNode = FALSE
	EndGlobalSection
	GlobalSection(ExtensibilityGlobals) = postSolution
		SolutionGuid = {42F9C7EA-1D5C-4F95-A941-9512E59A6F5A}
	EndGlobalSection
EndGlobal
